
Microsoft Visual Studio Solution File, Format Version 12.00
# Visual Studio Version 16
VisualStudioVersion = 16.0.34601.136
MinimumVisualStudioVersion = 10.0.40219.1
Project("{FAE04EC0-301F-11D3-BF4B-00C04F79EFBC}") = "PR32", "PR32.csproj", "{D6385206-E4CC-4B7F-94BC-8B13D482E4DA}"
EndProject
Global
	GlobalSection(SolutionConfigurationPlatforms) = preSolution
		Debug|Any CPU = Debug|Any CPU
		Release|Any CPU = Release|Any CPU
	EndGlobalSection
	GlobalSection(ProjectConfigurationPlatforms) = postSolution
		{D6385206-E4CC-4B7F-94BC-8B13D482E4DA}.Debug|Any CPU.ActiveCfg = Debug|Any CPU
		{D6385206-E4CC-4B7F-94BC-8B13D482E4DA}.Debug|Any CPU.Build.0 = Debug|Any CPU
		{D6385206-E4CC-4B7F-94BC-8B13D482E4DA}.Release|Any CPU.ActiveCfg = Release|Any CPU
		{D6385206-E4CC-4B7F-94BC-8B13D482E4DA}.Release|Any CPU.Build.0 = Release|Any CPU
	EndGlobalSection
	GlobalSection(SolutionProperties) = preSolution
		HideSolutionNode = FALSE
	EndGlobalSection
	GlobalSection(ExtensibilityGlobals) = postSolution
		SolutionGuid = {57FE3809-95A9-423F-A44D-0148430A1092}
	EndGlobalSection
EndGlobal
